// !$*UTF8*$!
{
	archiveVersion = 1;
	classes = {
	};
	objectVersion = 56;
	objects = {

/* Begin PBXBuildFile section */
		D190389F2CF4B3D500DCC5FB /* ReminderView.swift in Sources */ = {isa = PBXBuildFile; fileRef = D190389E2CF4B3D500DCC5FB /* ReminderView.swift */; };
		D19038A12CF5AFCA00DCC5FB /* ReminderExtension.swift in Sources */ = {isa = PBXBuildFile; fileRef = D19038A02CF5AFCA00DCC5FB /* ReminderExtension.swift */; };
		D19038A82CF5B2FA00DCC5FB /* ReminderListViewModel.swift in Sources */ = {isa = PBXBuildFile; fileRef = D19038A72CF5B2FA00DCC5FB /* ReminderListViewModel.swift */; };
		D1C33A622CE5E17D00C09136 /* HadibuNativeIOSApp.swift in Sources */ = {isa = PBXBuildFile; fileRef = D1C33A612CE5E17D00C09136 /* HadibuNativeIOSApp.swift */; };
		D1C33A642CE5E17D00C09136 /* ReminderListView.swift in Sources */ = {isa = PBXBuildFile; fileRef = D1C33A632CE5E17D00C09136 /* ReminderListView.swift */; };
		D1C33A662CE5E17E00C09136 /* Assets.xcassets in Resources */ = {isa = PBXBuildFile; fileRef = D1C33A652CE5E17E00C09136 /* Assets.xcassets */; };
		D1C33A692CE5E17E00C09136 /* Preview Assets.xcassets in Resources */ = {isa = PBXBuildFile; fileRef = D1C33A682CE5E17E00C09136 /* Preview Assets.xcassets */; };
		D1C33A702CE5E96400C09136 /* Reminder.swift in Sources */ = {isa = PBXBuildFile; fileRef = D1C33A6F2CE5E96400C09136 /* Reminder.swift */; };
/* End PBXBuildFile section */

/* Begin PBXFileReference section */
		D190389E2CF4B3D500DCC5FB /* ReminderView.swift */ = {isa = PBXFileReference; lastKnownFileType = sourcecode.swift; path = ReminderView.swift; sourceTree = "<group>"; };
		D19038A02CF5AFCA00DCC5FB /* ReminderExtension.swift */ = {isa = PBXFileReference; lastKnownFileType = sourcecode.swift; path = ReminderExtension.swift; sourceTree = "<group>"; };
		D19038A72CF5B2FA00DCC5FB /* ReminderListViewModel.swift */ = {isa = PBXFileReference; lastKnownFileType = sourcecode.swift; path = ReminderListViewModel.swift; sourceTree = "<group>"; };
		D1C33A5E2CE5E17D00C09136 /* HadibuNativeIOS.app */ = {isa = PBXFileReference; explicitFileType = wrapper.application; includeInIndex = 0; path = HadibuNativeIOS.app; sourceTree = BUILT_PRODUCTS_DIR; };
		D1C33A612CE5E17D00C09136 /* HadibuNativeIOSApp.swift */ = {isa = PBXFileReference; lastKnownFileType = sourcecode.swift; path = HadibuNativeIOSApp.swift; sourceTree = "<group>"; };
		D1C33A632CE5E17D00C09136 /* ReminderListView.swift */ = {isa = PBXFileReference; lastKnownFileType = sourcecode.swift; path = ReminderListView.swift; sourceTree = "<group>"; };
		D1C33A652CE5E17E00C09136 /* Assets.xcassets */ = {isa = PBXFileReference; lastKnownFileType = folder.assetcatalog; path = Assets.xcassets; sourceTree = "<group>"; };
		D1C33A682CE5E17E00C09136 /* Preview Assets.xcassets */ = {isa = PBXFileReference; lastKnownFileType = folder.assetcatalog; path = "Preview Assets.xcassets"; sourceTree = "<group>"; };
		D1C33A6F2CE5E96400C09136 /* Reminder.swift */ = {isa = PBXFileReference; lastKnownFileType = sourcecode.swift; path = Reminder.swift; sourceTree = "<group>"; };
/* End PBXFileReference section */

/* Begin PBXFrameworksBuildPhase section */
		D1C33A5B2CE5E17D00C09136 /* Frameworks */ = {
			isa = PBXFrameworksBuildPhase;
			buildActionMask = 2147483647;
			files = (
			);
			runOnlyForDeploymentPostprocessing = 0;
		};
/* End PBXFrameworksBuildPhase section */

/* Begin PBXGroup section */
		D19038A22CF5B0AB00DCC5FB /* Features */ = {
			isa = PBXGroup;
			children = (
				D19038A32CF5B0BA00DCC5FB /* Reminders */,
			);
			path = Features;
			sourceTree = "<group>";
		};
		D19038A32CF5B0BA00DCC5FB /* Reminders */ = {
			isa = PBXGroup;
			children = (
				D19038A62CF5B0D100DCC5FB /* Views */,
				D19038A52CF5B0CB00DCC5FB /* ViewModels */,
				D19038A42CF5B0C300DCC5FB /* Models */,
			);
			path = Reminders;
			sourceTree = "<group>";
		};
		D19038A42CF5B0C300DCC5FB /* Models */ = {
			isa = PBXGroup;
			children = (
				D1C33A6F2CE5E96400C09136 /* Reminder.swift */,
			);
			path = Models;
			sourceTree = "<group>";
		};
		D19038A52CF5B0CB00DCC5FB /* ViewModels */ = {
			isa = PBXGroup;
			children = (
				D19038A72CF5B2FA00DCC5FB /* ReminderListViewModel.swift */,
			);
			path = ViewModels;
			sourceTree = "<group>";
		};
		D19038A62CF5B0D100DCC5FB /* Views */ = {
			isa = PBXGroup;
			children = (
				D1C33A632CE5E17D00C09136 /* ReminderListView.swift */,
				D190389E2CF4B3D500DCC5FB /* ReminderView.swift */,
			);
			path = Views;
			sourceTree = "<group>";
		};
		D1C33A552CE5E17D00C09136 = {
			isa = PBXGroup;
			children = (
				D1C33A602CE5E17D00C09136 /* HadibuNativeIOS */,
				D1C33A5F2CE5E17D00C09136 /* Products */,
			);
			sourceTree = "<group>";
		};
		D1C33A5F2CE5E17D00C09136 /* Products */ = {
			isa = PBXGroup;
			children = (
				D1C33A5E2CE5E17D00C09136 /* HadibuNativeIOS.app */,
			);
			name = Products;
			sourceTree = "<group>";
		};
		D1C33A602CE5E17D00C09136 /* HadibuNativeIOS */ = {
			isa = PBXGroup;
			children = (
				D19038A22CF5B0AB00DCC5FB /* Features */,
				D1C33A732CE5F2E500C09136 /* Extensions */,
				D1C33A612CE5E17D00C09136 /* HadibuNativeIOSApp.swift */,
				D1C33A652CE5E17E00C09136 /* Assets.xcassets */,
				D1C33A672CE5E17E00C09136 /* Preview Content */,
			);
			path = HadibuNativeIOS;
			sourceTree = "<group>";
		};
		D1C33A672CE5E17E00C09136 /* Preview Content */ = {
			isa = PBXGroup;
			children = (
				D1C33A682CE5E17E00C09136 /* Preview Assets.xcassets */,
			);
			path = "Preview Content";
			sourceTree = "<group>";
		};
		D1C33A732CE5F2E500C09136 /* Extensions */ = {
			isa = PBXGroup;
			children = (
				D19038A02CF5AFCA00DCC5FB /* ReminderExtension.swift */,
			);
			path = Extensions;
			sourceTree = "<group>";
		};
/* End PBXGroup section */

/* Begin PBXNativeTarget section */
		D1C33A5D2CE5E17D00C09136 /* HadibuNativeIOS */ = {
			isa = PBXNativeTarget;
			buildConfigurationList = D1C33A6C2CE5E17E00C09136 /* Build configuration list for PBXNativeTarget "HadibuNativeIOS" */;
			buildPhases = (
				D1C33A5A2CE5E17D00C09136 /* Sources */,
				D1C33A5B2CE5E17D00C09136 /* Frameworks */,
				D1C33A5C2CE5E17D00C09136 /* Resources */,
			);
			buildRules = (
			);
			dependencies = (
			);
			name = HadibuNativeIOS;
			productName = HadibuNativeIOS;
			productReference = D1C33A5E2CE5E17D00C09136 /* HadibuNativeIOS.app */;
			productType = "com.apple.product-type.application";
		};
/* End PBXNativeTarget section */

/* Begin PBXProject section */
		D1C33A562CE5E17D00C09136 /* Project object */ = {
			isa = PBXProject;
			attributes = {
				BuildIndependentTargetsInParallel = 1;
				LastSwiftUpdateCheck = 1540;
				LastUpgradeCheck = 1540;
				TargetAttributes = {
					D1C33A5D2CE5E17D00C09136 = {
						CreatedOnToolsVersion = 15.4;
					};
				};
			};
			buildConfigurationList = D1C33A592CE5E17D00C09136 /* Build configuration list for PBXProject "HadibuNativeIOS" */;
			compatibilityVersion = "Xcode 14.0";
			developmentRegion = en;
			hasScannedForEncodings = 0;
			knownRegions = (
				en,
				Base,
			);
			mainGroup = D1C33A552CE5E17D00C09136;
			productRefGroup = D1C33A5F2CE5E17D00C09136 /* Products */;
			projectDirPath = "";
			projectRoot = "";
			targets = (
				D1C33A5D2CE5E17D00C09136 /* HadibuNativeIOS */,
			);
		};
/* End PBXProject section */

/* Begin PBXResourcesBuildPhase section */
		D1C33A5C2CE5E17D00C09136 /* Resources */ = {
			isa = PBXResourcesBuildPhase;
			buildActionMask = 2147483647;
			files = (
				D1C33A692CE5E17E00C09136 /* Preview Assets.xcassets in Resources */,
				D1C33A662CE5E17E00C09136 /* Assets.xcassets in Resources */,
			);
			runOnlyForDeploymentPostprocessing = 0;
		};
/* End PBXResourcesBuildPhase section */

/* Begin PBXSourcesBuildPhase section */
		D1C33A5A2CE5E17D00C09136 /* Sources */ = {
			isa = PBXSourcesBuildPhase;
			buildActionMask = 2147483647;
			files = (
				D19038A82CF5B2FA00DCC5FB /* ReminderListViewModel.swift in Sources */,
				D190389F2CF4B3D500DCC5FB /* ReminderView.swift in Sources */,
				D1C33A702CE5E96400C09136 /* Reminder.swift in Sources */,
				D1C33A642CE5E17D00C09136 /* ReminderListView.swift in Sources */,
				D1C33A622CE5E17D00C09136 /* HadibuNativeIOSApp.swift in Sources */,
				D19038A12CF5AFCA00DCC5FB /* ReminderExtension.swift in Sources */,
			);
			runOnlyForDeploymentPostprocessing = 0;
		};
/* End PBXSourcesBuildPhase section */

/* Begin XCBuildConfiguration section */
		D1C33A6A2CE5E17E00C09136 /* Debug */ = {
			isa = XCBuildConfiguration;
			buildSettings = {
				ALWAYS_SEARCH_USER_PATHS = NO;
				ASSETCATALOG_COMPILER_GENERATE_SWIFT_ASSET_SYMBOL_EXTENSIONS = YES;
				CLANG_ANALYZER_NONNULL = YES;
				CLANG_ANALYZER_NUMBER_OBJECT_CONVERSION = YES_AGGRESSIVE;
				CLANG_CXX_LANGUAGE_STANDARD = "gnu++20";
				CLANG_ENABLE_MODULES = YES;
				CLANG_ENABLE_OBJC_ARC = YES;
				CLANG_ENABLE_OBJC_WEAK = YES;
				CLANG_WARN_BLOCK_CAPTURE_AUTORELEASING = YES;
				CLANG_WARN_BOOL_CONVERSION = YES;
				CLANG_WARN_COMMA = YES;
				CLANG_WARN_CONSTANT_CONVERSION = YES;
				CLANG_WARN_DEPRECATED_OBJC_IMPLEMENTATIONS = YES;
				CLANG_WARN_DIRECT_OBJC_ISA_USAGE = YES_ERROR;
				CLANG_WARN_DOCUMENTATION_COMMENTS = YES;
				CLANG_WARN_EMPTY_BODY = YES;
				CLANG_WARN_ENUM_CONVERSION = YES;
				CLANG_WARN_INFINITE_RECURSION = YES;
				CLANG_WARN_INT_CONVERSION = YES;
				CLANG_WARN_NON_LITERAL_NULL_CONVERSION = YES;
				CLANG_WARN_OBJC_IMPLICIT_RETAIN_SELF = YES;
				CLANG_WARN_OBJC_LITERAL_CONVERSION = YES;
				CLANG_WARN_OBJC_ROOT_CLASS = YES_ERROR;
				CLANG_WARN_QUOTED_INCLUDE_IN_FRAMEWORK_HEADER = YES;
				CLANG_WARN_RANGE_LOOP_ANALYSIS = YES;
				CLANG_WARN_STRICT_PROTOTYPES = YES;
				CLANG_WARN_SUSPICIOUS_MOVE = YES;
				CLANG_WARN_UNGUARDED_AVAILABILITY = YES_AGGRESSIVE;
				CLANG_WARN_UNREACHABLE_CODE = YES;
				CLANG_WARN__DUPLICATE_METHOD_MATCH = YES;
				COPY_PHASE_STRIP = NO;
				DEBUG_INFORMATION_FORMAT = dwarf;
				ENABLE_STRICT_OBJC_MSGSEND = YES;
				ENABLE_TESTABILITY = YES;
				ENABLE_USER_SCRIPT_SANDBOXING = YES;
				GCC_C_LANGUAGE_STANDARD = gnu17;
				GCC_DYNAMIC_NO_PIC = NO;
				GCC_NO_COMMON_BLOCKS = YES;
				GCC_OPTIMIZATION_LEVEL = 0;
				GCC_PREPROCESSOR_DEFINITIONS = (
					"DEBUG=1",
					"$(inherited)",
				);
				GCC_WARN_64_TO_32_BIT_CONVERSION = YES;
				GCC_WARN_ABOUT_RETURN_TYPE = YES_ERROR;
				GCC_WARN_UNDECLARED_SELECTOR = YES;
				GCC_WARN_UNINITIALIZED_AUTOS = YES_AGGRESSIVE;
				GCC_WARN_UNUSED_FUNCTION = YES;
				GCC_WARN_UNUSED_VARIABLE = YES;
				IPHONEOS_DEPLOYMENT_TARGET = 17.5;
				LOCALIZATION_PREFERS_STRING_CATALOGS = YES;
				MTL_ENABLE_DEBUG_INFO = INCLUDE_SOURCE;
				MTL_FAST_MATH = YES;
				ONLY_ACTIVE_ARCH = YES;
				SDKROOT = iphoneos;
				SWIFT_ACTIVE_COMPILATION_CONDITIONS = "DEBUG $(inherited)";
				SWIFT_OPTIMIZATION_LEVEL = "-Onone";
			};
			name = Debug;
		};
		D1C33A6B2CE5E17E00C09136 /* Release */ = {
			isa = XCBuildConfiguration;
			buildSettings = {
				ALWAYS_SEARCH_USER_PATHS = NO;
				ASSETCATALOG_COMPILER_GENERATE_SWIFT_ASSET_SYMBOL_EXTENSIONS = YES;
				CLANG_ANALYZER_NONNULL = YES;
				CLANG_ANALYZER_NUMBER_OBJECT_CONVERSION = YES_AGGRESSIVE;
				CLANG_CXX_LANGUAGE_STANDARD = "gnu++20";
				CLANG_ENABLE_MODULES = YES;
				CLANG_ENABLE_OBJC_ARC = YES;
				CLANG_ENABLE_OBJC_WEAK = YES;
				CLANG_WARN_BLOCK_CAPTURE_AUTORELEASING = YES;
				CLANG_WARN_BOOL_CONVERSION = YES;
				CLANG_WARN_COMMA = YES;
				CLANG_WARN_CONSTANT_CONVERSION = YES;
				CLANG_WARN_DEPRECATED_OBJC_IMPLEMENTATIONS = YES;
				CLANG_WARN_DIRECT_OBJC_ISA_USAGE = YES_ERROR;
				CLANG_WARN_DOCUMENTATION_COMMENTS = YES;
				CLANG_WARN_EMPTY_BODY = YES;
				CLANG_WARN_ENUM_CONVERSION = YES;
				CLANG_WARN_INFINITE_RECURSION = YES;
				CLANG_WARN_INT_CONVERSION = YES;
				CLANG_WARN_NON_LITERAL_NULL_CONVERSION = YES;
				CLANG_WARN_OBJC_IMPLICIT_RETAIN_SELF = YES;
				CLANG_WARN_OBJC_LITERAL_CONVERSION = YES;
				CLANG_WARN_OBJC_ROOT_CLASS = YES_ERROR;
				CLANG_WARN_QUOTED_INCLUDE_IN_FRAMEWORK_HEADER = YES;
				CLANG_WARN_RANGE_LOOP_ANALYSIS = YES;
				CLANG_WARN_STRICT_PROTOTYPES = YES;
				CLANG_WARN_SUSPICIOUS_MOVE = YES;
				CLANG_WARN_UNGUARDED_AVAILABILITY = YES_AGGRESSIVE;
				CLANG_WARN_UNREACHABLE_CODE = YES;
				CLANG_WARN__DUPLICATE_METHOD_MATCH = YES;
				COPY_PHASE_STRIP = NO;
				DEBUG_INFORMATION_FORMAT = "dwarf-with-dsym";
				ENABLE_NS_ASSERTIONS = NO;
				ENABLE_STRICT_OBJC_MSGSEND = YES;
				ENABLE_USER_SCRIPT_SANDBOXING = YES;
				GCC_C_LANGUAGE_STANDARD = gnu17;
				GCC_NO_COMMON_BLOCKS = YES;
				GCC_WARN_64_TO_32_BIT_CONVERSION = YES;
				GCC_WARN_ABOUT_RETURN_TYPE = YES_ERROR;
				GCC_WARN_UNDECLARED_SELECTOR = YES;
				GCC_WARN_UNINITIALIZED_AUTOS = YES_AGGRESSIVE;
				GCC_WARN_UNUSED_FUNCTION = YES;
				GCC_WARN_UNUSED_VARIABLE = YES;
				IPHONEOS_DEPLOYMENT_TARGET = 17.5;
				LOCALIZATION_PREFERS_STRING_CATALOGS = YES;
				MTL_ENABLE_DEBUG_INFO = NO;
				MTL_FAST_MATH = YES;
				SDKROOT = iphoneos;
				SWIFT_COMPILATION_MODE = wholemodule;
				VALIDATE_PRODUCT = YES;
			};
			name = Release;
		};
		D1C33A6D2CE5E17E00C09136 /* Debug */ = {
			isa = XCBuildConfiguration;
			buildSettings = {
				ASSETCATALOG_COMPILER_APPICON_NAME = AppIcon;
				ASSETCATALOG_COMPILER_GLOBAL_ACCENT_COLOR_NAME = AccentColor;
				CODE_SIGN_STYLE = Automatic;
				CURRENT_PROJECT_VERSION = 1;
				DEVELOPMENT_ASSET_PATHS = "\"HadibuNativeIOS/Preview Content\"";
				DEVELOPMENT_TEAM = F865F47L5S;
				ENABLE_PREVIEWS = YES;
				GENERATE_INFOPLIST_FILE = YES;
				INFOPLIST_KEY_UIApplicationSceneManifest_Generation = YES;
				INFOPLIST_KEY_UIApplicationSupportsIndirectInputEvents = YES;
				INFOPLIST_KEY_UILaunchScreen_Generation = YES;
				INFOPLIST_KEY_UISupportedInterfaceOrientations_iPad = "UIInterfaceOrientationPortrait UIInterfaceOrientationPortraitUpsideDown UIInterfaceOrientationLandscapeLeft UIInterfaceOrientationLandscapeRight";
				INFOPLIST_KEY_UISupportedInterfaceOrientations_iPhone = "UIInterfaceOrientationPortrait UIInterfaceOrientationLandscapeLeft UIInterfaceOrientationLandscapeRight";
				LD_RUNPATH_SEARCH_PATHS = (
					"$(inherited)",
					"@executable_path/Frameworks",
				);
				MARKETING_VERSION = 1.0;
				PRODUCT_BUNDLE_IDENTIFIER = com.covenlabs.HadibuNativeIOS;
				PRODUCT_NAME = "$(TARGET_NAME)";
				SWIFT_EMIT_LOC_STRINGS = YES;
				SWIFT_VERSION = 5.0;
				TARGETED_DEVICE_FAMILY = "1,2";
			};
			name = Debug;
		};
		D1C33A6E2CE5E17E00C09136 /* Release */ = {
			isa = XCBuildConfiguration;
			buildSettings = {
				ASSETCATALOG_COMPILER_APPICON_NAME = AppIcon;
				ASSETCATALOG_COMPILER_GLOBAL_ACCENT_COLOR_NAME = AccentColor;
				CODE_SIGN_STYLE = Automatic;
				CURRENT_PROJECT_VERSION = 1;
				DEVELOPMENT_ASSET_PATHS = "\"HadibuNativeIOS/Preview Content\"";
				DEVELOPMENT_TEAM = F865F47L5S;
				ENABLE_PREVIEWS = YES;
				GENERATE_INFOPLIST_FILE = YES;
				INFOPLIST_KEY_UIApplicationSceneManifest_Generation = YES;
				INFOPLIST_KEY_UIApplicationSupportsIndirectInputEvents = YES;
				INFOPLIST_KEY_UILaunchScreen_Generation = YES;
				INFOPLIST_KEY_UISupportedInterfaceOrientations_iPad = "UIInterfaceOrientationPortrait UIInterfaceOrientationPortraitUpsideDown UIInterfaceOrientationLandscapeLeft UIInterfaceOrientationLandscapeRight";
				INFOPLIST_KEY_UISupportedInterfaceOrientations_iPhone = "UIInterfaceOrientationPortrait UIInterfaceOrientationLandscapeLeft UIInterfaceOrientationLandscapeRight";
				LD_RUNPATH_SEARCH_PATHS = (
					"$(inherited)",
					"@executable_path/Frameworks",
				);
				MARKETING_VERSION = 1.0;
				PRODUCT_BUNDLE_IDENTIFIER = com.covenlabs.HadibuNativeIOS;
				PRODUCT_NAME = "$(TARGET_NAME)";
				SWIFT_EMIT_LOC_STRINGS = YES;
				SWIFT_VERSION = 5.0;
				TARGETED_DEVICE_FAMILY = "1,2";
			};
			name = Release;
		};
/* End XCBuildConfiguration section */

/* Begin XCConfigurationList section */
		D1C33A592CE5E17D00C09136 /* Build configuration list for PBXProject "HadibuNativeIOS" */ = {
			isa = XCConfigurationList;
			buildConfigurations = (
				D1C33A6A2CE5E17E00C09136 /* Debug */,
				D1C33A6B2CE5E17E00C09136 /* Release */,
			);
			defaultConfigurationIsVisible = 0;
			defaultConfigurationName = Release;
		};
		D1C33A6C2CE5E17E00C09136 /* Build configuration list for PBXNativeTarget "HadibuNativeIOS" */ = {
			isa = XCConfigurationList;
			buildConfigurations = (
				D1C33A6D2CE5E17E00C09136 /* Debug */,
				D1C33A6E2CE5E17E00C09136 /* Release */,
			);
			defaultConfigurationIsVisible = 0;
			defaultConfigurationName = Release;
		};
/* End XCConfigurationList section */
	};
	rootObject = D1C33A562CE5E17D00C09136 /* Project object */;
}
